
Microsoft Visual Studio Solution File, Format Version 12.00
# Visual Studio 15
VisualStudioVersion = 15.0.27004.2010
MinimumVisualStudioVersion = 10.0.40219.1
Project("{FAE04EC0-301F-11D3-BF4B-00C04F79EFBC}") = "ClosetRpc.Net", "dotnet\ClosetRpc.Net\ClosetRpc.Net.csproj", "{C69A1450-9088-46C4-808C-C6F7591AB3E8}"
EndProject
Project("{FAE04EC0-301F-11D3-BF4B-00C04F79EFBC}") = "TransportTestServer", "dotnet\TransportTestServer\TransportTestServer.csproj", "{10A5FE6C-9586-49B2-BECC-0A748349A3D3}"
EndProject
Project("{FAE04EC0-301F-11D3-BF4B-00C04F79EFBC}") = "TransportTestClient", "dotnet\TransportTestClient\TransportTestClient.csproj", "{D1B9C6BA-5A5C-40E9-985B-926F692F9E17}"
EndProject
Project("{FAE04EC0-301F-11D3-BF4B-00C04F79EFBC}") = "MessagingTestServer", "dotnet\MessagingTestServer\MessagingTestServer.csproj", "{569FB7D8-6C4E-4751-B8FD-F12B4F0AD82B}"
EndProject
Project("{FAE04EC0-301F-11D3-BF4B-00C04F79EFBC}") = "MessagingTestClient", "dotnet\MessagingTestClient\MessagingTestClient.csproj", "{0115DD04-2EC2-426D-B8ED-17A3DABD21B4}"
EndProject
Project("{FAE04EC0-301F-11D3-BF4B-00C04F79EFBC}") = "ClosetRpc.Test", "dotnet\ClosetRpc.Test\ClosetRpc.Test.csproj", "{DDBCA085-1183-4ADE-9C16-C06797A38ABD}"
EndProject
Project("{2150E333-8FDC-42A3-9474-1A3956D46DE8}") = "Solution Items", "Solution Items", "{BB3AF7A6-1F64-402F-AB32-7BFDF4331953}"
	ProjectSection(SolutionItems) = preProject
		.clang-format = .clang-format
		.editorconfig = .editorconfig
		.gitignore = .gitignore
		Readme.md = Readme.md
	EndProjectSection
EndProject
Project("{FAE04EC0-301F-11D3-BF4B-00C04F79EFBC}") = "ClosetRpc.Net.Protobuf", "dotnet\ClosetRpc.Net.Protobuf\ClosetRpc.Net.Protobuf.csproj", "{569CB9B5-11E8-43C5-918A-B1F06B8E777D}"
EndProject
Project("{FAE04EC0-301F-11D3-BF4B-00C04F79EFBC}") = "CodeGenerationTemplate", "dotnet\CodeGenerationTemplate\CodeGenerationTemplate.csproj", "{3A08C3EC-4FC1-427A-B1D6-E20C694437AB}"
EndProject
Project("{FAE04EC0-301F-11D3-BF4B-00C04F79EFBC}") = "ProtobufTestApp", "dotnet\ProtobufTestApp\ProtobufTestApp.csproj", "{2512DB41-1138-4416-A891-69007C6B75A5}"
EndProject
Global
	GlobalSection(SolutionConfigurationPlatforms) = preSolution
		Debug|Any CPU = Debug|Any CPU
		Release|Any CPU = Release|Any CPU
	EndGlobalSection
	GlobalSection(ProjectConfigurationPlatforms) = postSolution
		{C69A1450-9088-46C4-808C-C6F7591AB3E8}.Debug|Any CPU.ActiveCfg = Debug|Any CPU
		{C69A1450-9088-46C4-808C-C6F7591AB3E8}.Debug|Any CPU.Build.0 = Debug|Any CPU
		{C69A1450-9088-46C4-808C-C6F7591AB3E8}.Release|Any CPU.ActiveCfg = Release|Any CPU
		{C69A1450-9088-46C4-808C-C6F7591AB3E8}.Release|Any CPU.Build.0 = Release|Any CPU
		{10A5FE6C-9586-49B2-BECC-0A748349A3D3}.Debug|Any CPU.ActiveCfg = Debug|Any CPU
		{10A5FE6C-9586-49B2-BECC-0A748349A3D3}.Debug|Any CPU.Build.0 = Debug|Any CPU
		{10A5FE6C-9586-49B2-BECC-0A748349A3D3}.Release|Any CPU.ActiveCfg = Release|Any CPU
		{10A5FE6C-9586-49B2-BECC-0A748349A3D3}.Release|Any CPU.Build.0 = Release|Any CPU
		{D1B9C6BA-5A5C-40E9-985B-926F692F9E17}.Debug|Any CPU.ActiveCfg = Debug|Any CPU
		{D1B9C6BA-5A5C-40E9-985B-926F692F9E17}.Debug|Any CPU.Build.0 = Debug|Any CPU
		{D1B9C6BA-5A5C-40E9-985B-926F692F9E17}.Release|Any CPU.ActiveCfg = Release|Any CPU
		{D1B9C6BA-5A5C-40E9-985B-926F692F9E17}.Release|Any CPU.Build.0 = Release|Any CPU
		{569FB7D8-6C4E-4751-B8FD-F12B4F0AD82B}.Debug|Any CPU.ActiveCfg = Debug|Any CPU
		{569FB7D8-6C4E-4751-B8FD-F12B4F0AD82B}.Debug|Any CPU.Build.0 = Debug|Any CPU
		{569FB7D8-6C4E-4751-B8FD-F12B4F0AD82B}.Release|Any CPU.ActiveCfg = Release|Any CPU
		{569FB7D8-6C4E-4751-B8FD-F12B4F0AD82B}.Release|Any CPU.Build.0 = Release|Any CPU
		{0115DD04-2EC2-426D-B8ED-17A3DABD21B4}.Debug|Any CPU.ActiveCfg = Debug|Any CPU
		{0115DD04-2EC2-426D-B8ED-17A3DABD21B4}.Debug|Any CPU.Build.0 = Debug|Any CPU
		{0115DD04-2EC2-426D-B8ED-17A3DABD21B4}.Release|Any CPU.ActiveCfg = Release|Any CPU
		{0115DD04-2EC2-426D-B8ED-17A3DABD21B4}.Release|Any CPU.Build.0 = Release|Any CPU
		{DDBCA085-1183-4ADE-9C16-C06797A38ABD}.Debug|Any CPU.ActiveCfg = Debug|Any CPU
		{DDBCA085-1183-4ADE-9C16-C06797A38ABD}.Debug|Any CPU.Build.0 = Debug|Any CPU
		{DDBCA085-1183-4ADE-9C16-C06797A38ABD}.Release|Any CPU.ActiveCfg = Release|Any CPU
		{DDBCA085-1183-4ADE-9C16-C06797A38ABD}.Release|Any CPU.Build.0 = Release|Any CPU
		{569CB9B5-11E8-43C5-918A-B1F06B8E777D}.Debug|Any CPU.ActiveCfg = Debug|Any CPU
		{569CB9B5-11E8-43C5-918A-B1F06B8E777D}.Debug|Any CPU.Build.0 = Debug|Any CPU
		{569CB9B5-11E8-43C5-918A-B1F06B8E777D}.Release|Any CPU.ActiveCfg = Release|Any CPU
		{569CB9B5-11E8-43C5-918A-B1F06B8E777D}.Release|Any CPU.Build.0 = Release|Any CPU
		{3A08C3EC-4FC1-427A-B1D6-E20C694437AB}.Debug|Any CPU.ActiveCfg = Debug|Any CPU
		{3A08C3EC-4FC1-427A-B1D6-E20C694437AB}.Debug|Any CPU.Build.0 = Debug|Any CPU
		{3A08C3EC-4FC1-427A-B1D6-E20C694437AB}.Release|Any CPU.ActiveCfg = Release|Any CPU
		{3A08C3EC-4FC1-427A-B1D6-E20C694437AB}.Release|Any CPU.Build.0 = Release|Any CPU
		{2512DB41-1138-4416-A891-69007C6B75A5}.Debug|Any CPU.ActiveCfg = Debug|Any CPU
		{2512DB41-1138-4416-A891-69007C6B75A5}.Debug|Any CPU.Build.0 = Debug|Any CPU
		{2512DB41-1138-4416-A891-69007C6B75A5}.Release|Any CPU.ActiveCfg = Release|Any CPU
		{2512DB41-1138-4416-A891-69007C6B75A5}.Release|Any CPU.Build.0 = Release|Any CPU
	EndGlobalSection
	GlobalSection(SolutionProperties) = preSolution
		HideSolutionNode = FALSE
	EndGlobalSection
	GlobalSection(ExtensibilityGlobals) = postSolution
		SolutionGuid = {A1F8C220-D350-451A-BE27-D4E734C19DD2}
	EndGlobalSection
EndGlobal
